
Microsoft Visual Studio Solution File, Format Version 12.00
# Visual Studio Version 17
VisualStudioVersion = 17.14.35806.103
MinimumVisualStudioVersion = 10.0.40219.1
Project("{FAE04EC0-301F-11D3-BF4B-00C04F79EFBC}") = "modul7_kelompok7", "modul7_kelompok7\modul7_kelompok7.csproj", "{99756FE5-D259-4FCE-8ACD-8BC3150BB5D7}"
EndProject
Project("{2150E333-8FDC-42A3-9474-1A3956D46DE8}") = "Solution Items", "Solution Items", "{8EC462FD-D22E-90A8-E5CE-7E832BA40C5D}"
	ProjectSection(SolutionItems) = preProject
		DataMahasiswa103022300107.cs = DataMahasiswa103022300107.cs
	EndProjectSection
EndProject
Global
	GlobalSection(SolutionConfigurationPlatforms) = preSolution
		Debug|Any CPU = Debug|Any CPU
		Release|Any CPU = Release|Any CPU
	EndGlobalSection
	GlobalSection(ProjectConfigurationPlatforms) = postSolution
		{99756FE5-D259-4FCE-8ACD-8BC3150BB5D7}.Debug|Any CPU.ActiveCfg = Debug|Any CPU
		{99756FE5-D259-4FCE-8ACD-8BC3150BB5D7}.Debug|Any CPU.Build.0 = Debug|Any CPU
		{99756FE5-D259-4FCE-8ACD-8BC3150BB5D7}.Release|Any CPU.ActiveCfg = Release|Any CPU
		{99756FE5-D259-4FCE-8ACD-8BC3150BB5D7}.Release|Any CPU.Build.0 = Release|Any CPU
	EndGlobalSection
	GlobalSection(SolutionProperties) = preSolution
		HideSolutionNode = FALSE
	EndGlobalSection
	GlobalSection(ExtensibilityGlobals) = postSolution
		SolutionGuid = {8951FDF8-1195-4A9C-8E1B-4FAD889245EF}
	EndGlobalSection
EndGlobal
